
Microsoft Visual Studio Solution File, Format Version 12.00
# Visual Studio Version 17
VisualStudioVersion = 17.12.35424.110 d17.12
MinimumVisualStudioVersion = 10.0.40219.1
Project("{FAE04EC0-301F-11D3-BF4B-00C04F79EFBC}") = "User-Registration-Confirmation", "User-Registration-Confirmation.csproj", "{F32FE88A-CC8A-4F79-B049-C11469600D0A}"
EndProject
Global
	GlobalSection(SolutionConfigurationPlatforms) = preSolution
		Debug|Any CPU = Debug|Any CPU
		Release|Any CPU = Release|Any CPU
	EndGlobalSection
	GlobalSection(ProjectConfigurationPlatforms) = postSolution
		{F32FE88A-CC8A-4F79-B049-C11469600D0A}.Debug|Any CPU.ActiveCfg = Debug|Any CPU
		{F32FE88A-CC8A-4F79-B049-C11469600D0A}.Debug|Any CPU.Build.0 = Debug|Any CPU
		{F32FE88A-CC8A-4F79-B049-C11469600D0A}.Release|Any CPU.ActiveCfg = Release|Any CPU
		{F32FE88A-CC8A-4F79-B049-C11469600D0A}.Release|Any CPU.Build.0 = Release|Any CPU
	EndGlobalSection
	GlobalSection(SolutionProperties) = preSolution
		HideSolutionNode = FALSE
	EndGlobalSection
EndGlobal
